
Microsoft Visual Studio Solution File, Format Version 12.00
# Visual Studio Version 17
VisualStudioVersion = 17.14.36221.1
MinimumVisualStudioVersion = 10.0.40219.1
Project("{FAE04EC0-301F-11D3-BF4B-00C04F79EFBC}") = "RegistrationMVCApp", "RegistrationMVCApp\RegistrationMVCApp.csproj", "{5FEAC8E3-2E37-4651-8EED-C4C40D13766C}"
EndProject
Global
	GlobalSection(SolutionConfigurationPlatforms) = preSolution
		Debug|Any CPU = Debug|Any CPU
		Release|Any CPU = Release|Any CPU
	EndGlobalSection
	GlobalSection(ProjectConfigurationPlatforms) = postSolution
		{5FEAC8E3-2E37-4651-8EED-C4C40D13766C}.Debug|Any CPU.ActiveCfg = Debug|Any CPU
		{5FEAC8E3-2E37-4651-8EED-C4C40D13766C}.Debug|Any CPU.Build.0 = Debug|Any CPU
		{5FEAC8E3-2E37-4651-8EED-C4C40D13766C}.Release|Any CPU.ActiveCfg = Release|Any CPU
		{5FEAC8E3-2E37-4651-8EED-C4C40D13766C}.Release|Any CPU.Build.0 = Release|Any CPU
	EndGlobalSection
	GlobalSection(SolutionProperties) = preSolution
		HideSolutionNode = FALSE
	EndGlobalSection
	GlobalSection(ExtensibilityGlobals) = postSolution
		SolutionGuid = {4FD1149C-C249-4CDE-834C-2C57FBC4DD6F}
	EndGlobalSection
EndGlobal
